# This file is automatically @generated by Cargo.
# It is not intended for manual editing.
version = 3

[[package]]
name = "puzzle-1"
version = "0.1.0"

[[package]]
name = "puzzle-2"
version = "0.1.0"

[[package]]
name = "puzzle-3"
version = "0.1.0"

[[package]]
name = "puzzle-4"
version = "0.1.0"

[[package]]
name = "puzzle-5"
version = "0.1.0"

[[package]]
name = "puzzle-6"
version = "0.1.0"

[[package]]
name = "puzzle-7"
version = "0.1.0"
